
Microsoft Visual Studio Solution File, Format Version 12.00
# Visual Studio 15
VisualStudioVersion = 15.0.27130.2024
MinimumVisualStudioVersion = 10.0.40219.1
Project("{FAE04EC0-301F-11D3-BF4B-00C04F79EFBC}") = "NETCoreIdentity", "NETCoreIdentity\NETCoreIdentity.csproj", "{08276A2A-5EBC-4886-BAD0-4F30699E4BD5}"
EndProject
Global
	GlobalSection(SolutionConfigurationPlatforms) = preSolution
		Debug|Any CPU = Debug|Any CPU
		Release|Any CPU = Release|Any CPU
	EndGlobalSection
	GlobalSection(ProjectConfigurationPlatforms) = postSolution
		{08276A2A-5EBC-4886-BAD0-4F30699E4BD5}.Debug|Any CPU.ActiveCfg = Debug|Any CPU
		{08276A2A-5EBC-4886-BAD0-4F30699E4BD5}.Debug|Any CPU.Build.0 = Debug|Any CPU
		{08276A2A-5EBC-4886-BAD0-4F30699E4BD5}.Release|Any CPU.ActiveCfg = Release|Any CPU
		{08276A2A-5EBC-4886-BAD0-4F30699E4BD5}.Release|Any CPU.Build.0 = Release|Any CPU
	EndGlobalSection
	GlobalSection(SolutionProperties) = preSolution
		HideSolutionNode = FALSE
	EndGlobalSection
	GlobalSection(ExtensibilityGlobals) = postSolution
		SolutionGuid = {7B4AD982-659E-4507-B1E2-035899AE7D99}
	EndGlobalSection
EndGlobal
